
Microsoft Visual Studio Solution File, Format Version 12.00
# Visual Studio 15
VisualStudioVersion = 15.0.28010.2026
MinimumVisualStudioVersion = 10.0.40219.1
Project("{8BC9CEB8-8B4A-11D0-8D11-00A0C91BC942}") = "pong", "pong\pong.vcxproj", "{33BFC402-EDFB-433A-9012-1D3E529D29FD}"
EndProject
Global
	GlobalSection(SolutionConfigurationPlatforms) = preSolution
		Debug|x64 = Debug|x64
		Debug|x86 = Debug|x86
		Release|x64 = Release|x64
		Release|x86 = Release|x86
	EndGlobalSection
	GlobalSection(ProjectConfigurationPlatforms) = postSolution
		{33BFC402-EDFB-433A-9012-1D3E529D29FD}.Debug|x64.ActiveCfg = Debug|x64
		{33BFC402-EDFB-433A-9012-1D3E529D29FD}.Debug|x64.Build.0 = Debug|x64
		{33BFC402-EDFB-433A-9012-1D3E529D29FD}.Debug|x86.ActiveCfg = Debug|Win32
		{33BFC402-EDFB-433A-9012-1D3E529D29FD}.Debug|x86.Build.0 = Debug|Win32
		{33BFC402-EDFB-433A-9012-1D3E529D29FD}.Release|x64.ActiveCfg = Release|x64
		{33BFC402-EDFB-433A-9012-1D3E529D29FD}.Release|x64.Build.0 = Release|x64
		{33BFC402-EDFB-433A-9012-1D3E529D29FD}.Release|x86.ActiveCfg = Release|Win32
		{33BFC402-EDFB-433A-9012-1D3E529D29FD}.Release|x86.Build.0 = Release|Win32
	EndGlobalSection
	GlobalSection(SolutionProperties) = preSolution
		HideSolutionNode = FALSE
	EndGlobalSection
	GlobalSection(ExtensibilityGlobals) = postSolution
		SolutionGuid = {365B4C00-2D20-4CCD-BAC3-D5790B05769D}
	EndGlobalSection
EndGlobal
